lockfileVersion: '6.0'

dependencies:
  reflect-metadata:
    specifier: ^0.1.13
    version: 0.1.13
  rxjs:
    specifier: ^7.8.1
    version: 7.8.1
  systemjs:
    specifier: ^6.14.2
    version: 6.14.2
  tslib:
    specifier: ^2.6.2
    version: 2.6.2

devDependencies:
  '@types/systemjs':
    specifier: ^6.13.2
    version: 6.13.2
  '@types/webgl2':
    specifier: ^0.0.7
    version: 0.0.7
  typescript:
    specifier: ^5.2.2
    version: 5.2.2

packages:

  /@types/systemjs@6.13.2:
    resolution: {integrity: sha512-PhwVbo59iXHlcL80tZpu1gw515UDyz6XHuK9SixdoCP274xZxlEROWFU6ZCXkOiiYMBY9MhPy6wNzCBRBYk29w==}
    dev: true

  /@types/webgl2@0.0.7:
    resolution: {integrity: sha512-kqRrvjA+VEJhVK5qmKTqJTYKftmLhunf2FRXPvqEoCyVUz8RNiT+6eQmZQqjHjUQwB0wpGAWdPaNjnmNSd4BTQ==}
    dev: true

  /reflect-metadata@0.1.13:
    resolution: {integrity: sha512-Ts1Y/anZELhSsjMcU605fU9RE4Oi3p5ORujwbIKXfWa+0Zxs510Qrmrce5/Jowq3cHSZSJqBjypxmHarc+vEWg==}
    dev: false

  /rxjs@7.8.1:
    resolution: {integrity: sha512-AA3TVj+0A2iuIoQkWEK/tqFjBq2j+6PO6Y0zJcvzLAFhEFIO3HL0vls9hWLncZbAAbK0mar7oZ4V079I/qPMxg==}
    dependencies:
      tslib: 2.6.2
    dev: false

  /systemjs@6.14.2:
    resolution: {integrity: sha512-1TlOwvKWdXxAY9vba+huLu99zrQURDWA8pUTYsRIYDZYQbGyK+pyEP4h4dlySsqo7ozyJBmYD20F+iUHhAltEg==}
    dev: false

  /tslib@2.6.2:
    resolution: {integrity: sha512-AEYxH93jGFPn/a2iVAwW87VuUIkR1FVUKB77NwMF7nBTDkDrrT/Hpt/IrCJ0QXhW27jTBDcf5ZY7w6RiqTMw2Q==}
    dev: false

  /typescript@5.2.2:
    resolution: {integrity: sha512-mI4WrpHsbCIcwT9cF4FZvr80QUeKvsUsUvKDoR+X/7XHQH98xYD8YHZg7ANtz2GtZt/CBq2QJ0thkGJMHfqc1w==}
    engines: {node: '>=14.17'}
    hasBin: true
    dev: true

settings:
  autoInstallPeers: true
  excludeLinksFromLockfile: false
